
Microsoft Visual Studio Solution File, Format Version 12.00
# Visual Studio 15
VisualStudioVersion = 15.0.26228.4
MinimumVisualStudioVersion = 10.0.40219.1
Project("{FAE04EC0-301F-11D3-BF4B-00C04F79EFBC}") = "Core", "Kernel\Core\Core.csproj", "{8805B679-41DC-4BE0-87E5-AE897003349D}"
EndProject
Project("{2150E333-8FDC-42A3-9474-1A3956D46DE8}") = "Kernel", "Kernel", "{D80CE5B1-D304-4C70-8A95-1E71B1626BB8}"
EndProject
Project("{2150E333-8FDC-42A3-9474-1A3956D46DE8}") = "Utils", "Utils", "{F2099DEA-4529-48C8-B75A-A4E04E13C64B}"
EndProject
Project("{FAE04EC0-301F-11D3-BF4B-00C04F79EFBC}") = "VegFarmApp", "Apps\VegFarmApp\VegFarmApp.csproj", "{BA738F43-6D86-4D32-ACC7-AA449357742C}"
EndProject
Project("{2150E333-8FDC-42A3-9474-1A3956D46DE8}") = "Apps", "Apps", "{73531B53-D205-4CCB-A4EA-327BDC9CB128}"
EndProject
Project("{FAE04EC0-301F-11D3-BF4B-00C04F79EFBC}") = "Data", "Kernel\Data\Data.csproj", "{8FFF2738-87BF-40B7-990D-378486DABD3D}"
EndProject
Project("{FAE04EC0-301F-11D3-BF4B-00C04F79EFBC}") = "Model", "Kernel\Model\Model.csproj", "{60558FF3-B775-4EE8-A066-8DBDF9F77DA0}"
EndProject
Project("{FAE04EC0-301F-11D3-BF4B-00C04F79EFBC}") = "VegFarmServ", "Apps\VegFarmServ\VegFarmServ.csproj", "{EFB40F6F-CE7E-4CF5-9C91-5FEC001314D2}"
EndProject
Global
	GlobalSection(SolutionConfigurationPlatforms) = preSolution
		Debug|Any CPU = Debug|Any CPU
		Release|Any CPU = Release|Any CPU
	EndGlobalSection
	GlobalSection(ProjectConfigurationPlatforms) = postSolution
		{8805B679-41DC-4BE0-87E5-AE897003349D}.Debug|Any CPU.ActiveCfg = Debug|Any CPU
		{8805B679-41DC-4BE0-87E5-AE897003349D}.Debug|Any CPU.Build.0 = Debug|Any CPU
		{8805B679-41DC-4BE0-87E5-AE897003349D}.Release|Any CPU.ActiveCfg = Release|Any CPU
		{8805B679-41DC-4BE0-87E5-AE897003349D}.Release|Any CPU.Build.0 = Release|Any CPU
		{BA738F43-6D86-4D32-ACC7-AA449357742C}.Debug|Any CPU.ActiveCfg = Debug|Any CPU
		{BA738F43-6D86-4D32-ACC7-AA449357742C}.Debug|Any CPU.Build.0 = Debug|Any CPU
		{BA738F43-6D86-4D32-ACC7-AA449357742C}.Release|Any CPU.ActiveCfg = Release|Any CPU
		{BA738F43-6D86-4D32-ACC7-AA449357742C}.Release|Any CPU.Build.0 = Release|Any CPU
		{8FFF2738-87BF-40B7-990D-378486DABD3D}.Debug|Any CPU.ActiveCfg = Debug|Any CPU
		{8FFF2738-87BF-40B7-990D-378486DABD3D}.Debug|Any CPU.Build.0 = Debug|Any CPU
		{8FFF2738-87BF-40B7-990D-378486DABD3D}.Release|Any CPU.ActiveCfg = Release|Any CPU
		{8FFF2738-87BF-40B7-990D-378486DABD3D}.Release|Any CPU.Build.0 = Release|Any CPU
		{60558FF3-B775-4EE8-A066-8DBDF9F77DA0}.Debug|Any CPU.ActiveCfg = Debug|Any CPU
		{60558FF3-B775-4EE8-A066-8DBDF9F77DA0}.Debug|Any CPU.Build.0 = Debug|Any CPU
		{60558FF3-B775-4EE8-A066-8DBDF9F77DA0}.Release|Any CPU.ActiveCfg = Release|Any CPU
		{60558FF3-B775-4EE8-A066-8DBDF9F77DA0}.Release|Any CPU.Build.0 = Release|Any CPU
		{EFB40F6F-CE7E-4CF5-9C91-5FEC001314D2}.Debug|Any CPU.ActiveCfg = Debug|Any CPU
		{EFB40F6F-CE7E-4CF5-9C91-5FEC001314D2}.Debug|Any CPU.Build.0 = Debug|Any CPU
		{EFB40F6F-CE7E-4CF5-9C91-5FEC001314D2}.Release|Any CPU.ActiveCfg = Release|Any CPU
		{EFB40F6F-CE7E-4CF5-9C91-5FEC001314D2}.Release|Any CPU.Build.0 = Release|Any CPU
	EndGlobalSection
	GlobalSection(SolutionProperties) = preSolution
		HideSolutionNode = FALSE
	EndGlobalSection
	GlobalSection(NestedProjects) = preSolution
		{8805B679-41DC-4BE0-87E5-AE897003349D} = {D80CE5B1-D304-4C70-8A95-1E71B1626BB8}
		{BA738F43-6D86-4D32-ACC7-AA449357742C} = {73531B53-D205-4CCB-A4EA-327BDC9CB128}
		{8FFF2738-87BF-40B7-990D-378486DABD3D} = {D80CE5B1-D304-4C70-8A95-1E71B1626BB8}
		{60558FF3-B775-4EE8-A066-8DBDF9F77DA0} = {D80CE5B1-D304-4C70-8A95-1E71B1626BB8}
		{EFB40F6F-CE7E-4CF5-9C91-5FEC001314D2} = {73531B53-D205-4CCB-A4EA-327BDC9CB128}
	EndGlobalSection
EndGlobal
