
Microsoft Visual Studio Solution File, Format Version 12.00
# Visual Studio 15
VisualStudioVersion = 15.0.26228.4
MinimumVisualStudioVersion = 10.0.40219.1
Project("{2150E333-8FDC-42A3-9474-1A3956D46DE8}") = "Kernel", "Kernel", "{D80CE5B1-D304-4C70-8A95-1E71B1626BB8}"
EndProject
Project("{2150E333-8FDC-42A3-9474-1A3956D46DE8}") = "Utils", "Utils", "{F2099DEA-4529-48C8-B75A-A4E04E13C64B}"
EndProject
Project("{FAE04EC0-301F-11D3-BF4B-00C04F79EFBC}") = "VegFarmApp", "Apps\VegFarmApp\VegFarmApp.csproj", "{BA738F43-6D86-4D32-ACC7-AA449357742C}"
EndProject
Project("{2150E333-8FDC-42A3-9474-1A3956D46DE8}") = "Apps", "Apps", "{73531B53-D205-4CCB-A4EA-327BDC9CB128}"
EndProject
Project("{FAE04EC0-301F-11D3-BF4B-00C04F79EFBC}") = "Data", "Kernel\Data\Data.csproj", "{8FFF2738-87BF-40B7-990D-378486DABD3D}"
EndProject
Project("{FAE04EC0-301F-11D3-BF4B-00C04F79EFBC}") = "VegFarmServ", "Apps\VegFarmServ\VegFarmServ.csproj", "{EFB40F6F-CE7E-4CF5-9C91-5FEC001314D2}"
EndProject
Project("{2150E333-8FDC-42A3-9474-1A3956D46DE8}") = "Tests", "Tests", "{D0216F2B-6A48-4A46-AB4A-01AFAFABFD40}"
EndProject
Project("{2150E333-8FDC-42A3-9474-1A3956D46DE8}") = "Libs", "Libs", "{F21DDA7C-EABD-4371-95C5-9738B75A1476}"
EndProject
Project("{FAE04EC0-301F-11D3-BF4B-00C04F79EFBC}") = "BL", "Kernel\BL\BL.csproj", "{48A64EB2-3899-4025-BEDB-903544F75D62}"
EndProject
Project("{FAE04EC0-301F-11D3-BF4B-00C04F79EFBC}") = "Model", "Kernel\Model\Model.csproj", "{F5412259-F740-4AEC-B468-2910B7EA2D2E}"
EndProject
Project("{2150E333-8FDC-42A3-9474-1A3956D46DE8}") = "DevExpress", "DevExpress", "{122A042B-C815-47D7-94E4-A44F9FBF3694}"
	ProjectSection(SolutionItems) = preProject
		Libs\DevExpress\DevExpress.Data.v15.2.dll = Libs\DevExpress\DevExpress.Data.v15.2.dll
		Libs\DevExpress\DevExpress.Data.v15.2.xml = Libs\DevExpress\DevExpress.Data.v15.2.xml
		Libs\DevExpress\DevExpress.Printing.v15.2.Core.dll = Libs\DevExpress\DevExpress.Printing.v15.2.Core.dll
		Libs\DevExpress\DevExpress.Printing.v15.2.Core.xml = Libs\DevExpress\DevExpress.Printing.v15.2.Core.xml
		Libs\DevExpress\DevExpress.Sparkline.v15.2.Core.dll = Libs\DevExpress\DevExpress.Sparkline.v15.2.Core.dll
		Libs\DevExpress\DevExpress.Sparkline.v15.2.Core.xml = Libs\DevExpress\DevExpress.Sparkline.v15.2.Core.xml
		Libs\DevExpress\DevExpress.Utils.v15.2.dll = Libs\DevExpress\DevExpress.Utils.v15.2.dll
		Libs\DevExpress\DevExpress.Utils.v15.2.xml = Libs\DevExpress\DevExpress.Utils.v15.2.xml
		Libs\DevExpress\DevExpress.XtraBars.v15.2.dll = Libs\DevExpress\DevExpress.XtraBars.v15.2.dll
		Libs\DevExpress\DevExpress.XtraBars.v15.2.xml = Libs\DevExpress\DevExpress.XtraBars.v15.2.xml
		Libs\DevExpress\DevExpress.XtraEditors.v15.2.dll = Libs\DevExpress\DevExpress.XtraEditors.v15.2.dll
		Libs\DevExpress\DevExpress.XtraEditors.v15.2.xml = Libs\DevExpress\DevExpress.XtraEditors.v15.2.xml
		Libs\DevExpress\DevExpress.XtraLayout.v15.2.dll = Libs\DevExpress\DevExpress.XtraLayout.v15.2.dll
		Libs\DevExpress\DevExpress.XtraLayout.v15.2.xml = Libs\DevExpress\DevExpress.XtraLayout.v15.2.xml
		Libs\DevExpress\DevExpress.XtraNavBar.v15.2.dll = Libs\DevExpress\DevExpress.XtraNavBar.v15.2.dll
		Libs\DevExpress\DevExpress.XtraNavBar.v15.2.xml = Libs\DevExpress\DevExpress.XtraNavBar.v15.2.xml
	EndProjectSection
EndProject
Project("{2150E333-8FDC-42A3-9474-1A3956D46DE8}") = "ru", "ru", "{07A0C66A-2FB1-4C94-9D99-F5CF7DEBA88A}"
	ProjectSection(SolutionItems) = preProject
		Libs\DevExpress\ru\DevExpress.Data.v15.2.resources.dll = Libs\DevExpress\ru\DevExpress.Data.v15.2.resources.dll
		Libs\DevExpress\ru\DevExpress.Printing.v15.2.Core.resources.dll = Libs\DevExpress\ru\DevExpress.Printing.v15.2.Core.resources.dll
		Libs\DevExpress\ru\DevExpress.Sparkline.v15.2.Core.resources.dll = Libs\DevExpress\ru\DevExpress.Sparkline.v15.2.Core.resources.dll
		Libs\DevExpress\ru\DevExpress.Utils.v15.2.resources.dll = Libs\DevExpress\ru\DevExpress.Utils.v15.2.resources.dll
		Libs\DevExpress\ru\DevExpress.XtraBars.v15.2.resources.dll = Libs\DevExpress\ru\DevExpress.XtraBars.v15.2.resources.dll
		Libs\DevExpress\ru\DevExpress.XtraEditors.v15.2.resources.dll = Libs\DevExpress\ru\DevExpress.XtraEditors.v15.2.resources.dll
		Libs\DevExpress\ru\DevExpress.XtraLayout.v15.2.resources.dll = Libs\DevExpress\ru\DevExpress.XtraLayout.v15.2.resources.dll
		Libs\DevExpress\ru\DevExpress.XtraNavBar.v15.2.resources.dll = Libs\DevExpress\ru\DevExpress.XtraNavBar.v15.2.resources.dll
	EndProjectSection
EndProject
Global
	GlobalSection(SolutionConfigurationPlatforms) = preSolution
		Debug|Any CPU = Debug|Any CPU
		Release|Any CPU = Release|Any CPU
	EndGlobalSection
	GlobalSection(ProjectConfigurationPlatforms) = postSolution
		{BA738F43-6D86-4D32-ACC7-AA449357742C}.Debug|Any CPU.ActiveCfg = Debug|Any CPU
		{BA738F43-6D86-4D32-ACC7-AA449357742C}.Debug|Any CPU.Build.0 = Debug|Any CPU
		{BA738F43-6D86-4D32-ACC7-AA449357742C}.Release|Any CPU.ActiveCfg = Release|Any CPU
		{BA738F43-6D86-4D32-ACC7-AA449357742C}.Release|Any CPU.Build.0 = Release|Any CPU
		{8FFF2738-87BF-40B7-990D-378486DABD3D}.Debug|Any CPU.ActiveCfg = Debug|Any CPU
		{8FFF2738-87BF-40B7-990D-378486DABD3D}.Debug|Any CPU.Build.0 = Debug|Any CPU
		{8FFF2738-87BF-40B7-990D-378486DABD3D}.Release|Any CPU.ActiveCfg = Release|Any CPU
		{8FFF2738-87BF-40B7-990D-378486DABD3D}.Release|Any CPU.Build.0 = Release|Any CPU
		{EFB40F6F-CE7E-4CF5-9C91-5FEC001314D2}.Debug|Any CPU.ActiveCfg = Debug|Any CPU
		{EFB40F6F-CE7E-4CF5-9C91-5FEC001314D2}.Debug|Any CPU.Build.0 = Debug|Any CPU
		{EFB40F6F-CE7E-4CF5-9C91-5FEC001314D2}.Release|Any CPU.ActiveCfg = Release|Any CPU
		{EFB40F6F-CE7E-4CF5-9C91-5FEC001314D2}.Release|Any CPU.Build.0 = Release|Any CPU
		{48A64EB2-3899-4025-BEDB-903544F75D62}.Debug|Any CPU.ActiveCfg = Debug|Any CPU
		{48A64EB2-3899-4025-BEDB-903544F75D62}.Debug|Any CPU.Build.0 = Debug|Any CPU
		{48A64EB2-3899-4025-BEDB-903544F75D62}.Release|Any CPU.ActiveCfg = Release|Any CPU
		{48A64EB2-3899-4025-BEDB-903544F75D62}.Release|Any CPU.Build.0 = Release|Any CPU
		{F5412259-F740-4AEC-B468-2910B7EA2D2E}.Debug|Any CPU.ActiveCfg = Debug|Any CPU
		{F5412259-F740-4AEC-B468-2910B7EA2D2E}.Debug|Any CPU.Build.0 = Debug|Any CPU
		{F5412259-F740-4AEC-B468-2910B7EA2D2E}.Release|Any CPU.ActiveCfg = Release|Any CPU
		{F5412259-F740-4AEC-B468-2910B7EA2D2E}.Release|Any CPU.Build.0 = Release|Any CPU
	EndGlobalSection
	GlobalSection(SolutionProperties) = preSolution
		HideSolutionNode = FALSE
	EndGlobalSection
	GlobalSection(NestedProjects) = preSolution
		{BA738F43-6D86-4D32-ACC7-AA449357742C} = {73531B53-D205-4CCB-A4EA-327BDC9CB128}
		{8FFF2738-87BF-40B7-990D-378486DABD3D} = {D80CE5B1-D304-4C70-8A95-1E71B1626BB8}
		{EFB40F6F-CE7E-4CF5-9C91-5FEC001314D2} = {73531B53-D205-4CCB-A4EA-327BDC9CB128}
		{48A64EB2-3899-4025-BEDB-903544F75D62} = {D80CE5B1-D304-4C70-8A95-1E71B1626BB8}
		{F5412259-F740-4AEC-B468-2910B7EA2D2E} = {D80CE5B1-D304-4C70-8A95-1E71B1626BB8}
		{122A042B-C815-47D7-94E4-A44F9FBF3694} = {F21DDA7C-EABD-4371-95C5-9738B75A1476}
		{07A0C66A-2FB1-4C94-9D99-F5CF7DEBA88A} = {122A042B-C815-47D7-94E4-A44F9FBF3694}
	EndGlobalSection
EndGlobal
